
Microsoft Visual Studio Solution File, Format Version 12.00
# Visual Studio 2012
Project("{FAE04EC0-301F-11D3-BF4B-00C04F79EFBC}") = "ForumBuilder", "ForumBuilder\ForumBuilder.csproj", "{5E3130C0-D5DC-41A6-A297-28B5D4859ED4}"
EndProject
Global
	GlobalSection(SolutionConfigurationPlatforms) = preSolution
		Debug|Any CPU = Debug|Any CPU
		Release|Any CPU = Release|Any CPU
	EndGlobalSection
	GlobalSection(ProjectConfigurationPlatforms) = postSolution
		{5E3130C0-D5DC-41A6-A297-28B5D4859ED4}.Debug|Any CPU.ActiveCfg = Debug|Any CPU
		{5E3130C0-D5DC-41A6-A297-28B5D4859ED4}.Debug|Any CPU.Build.0 = Debug|Any CPU
		{5E3130C0-D5DC-41A6-A297-28B5D4859ED4}.Release|Any CPU.ActiveCfg = Release|Any CPU
		{5E3130C0-D5DC-41A6-A297-28B5D4859ED4}.Release|Any CPU.Build.0 = Release|Any CPU
	EndGlobalSection
	GlobalSection(SolutionProperties) = preSolution
		HideSolutionNode = FALSE
	EndGlobalSection
EndGlobal
